
Microsoft Visual Studio Solution File, Format Version 12.00
# Visual Studio 14
VisualStudioVersion = 14.0.23107.0
MinimumVisualStudioVersion = 10.0.40219.1
Project("{FAE04EC0-301F-11D3-BF4B-00C04F79EFBC}") = "LinkedListNode.cs", "LinkedListNode.cs\LinkedListNode.cs.csproj", "{9AFF4B7F-1EFE-4B90-84DB-6F44E5F0E67F}"
EndProject
Global
	GlobalSection(SolutionConfigurationPlatforms) = preSolution
		Debug|Any CPU = Debug|Any CPU
		Release|Any CPU = Release|Any CPU
	EndGlobalSection
	GlobalSection(ProjectConfigurationPlatforms) = postSolution
		{9AFF4B7F-1EFE-4B90-84DB-6F44E5F0E67F}.Debug|Any CPU.ActiveCfg = Debug|Any CPU
		{9AFF4B7F-1EFE-4B90-84DB-6F44E5F0E67F}.Debug|Any CPU.Build.0 = Debug|Any CPU
		{9AFF4B7F-1EFE-4B90-84DB-6F44E5F0E67F}.Release|Any CPU.ActiveCfg = Release|Any CPU
		{9AFF4B7F-1EFE-4B90-84DB-6F44E5F0E67F}.Release|Any CPU.Build.0 = Release|Any CPU
	EndGlobalSection
	GlobalSection(SolutionProperties) = preSolution
		HideSolutionNode = FALSE
	EndGlobalSection
EndGlobal
